// !$*UTF8*$!
{
	archiveVersion = 1;
	classes = {
	};
	objectVersion = 50;
	objects = {

/* Begin PBXBuildFile section */
		54129EA62150B5E800CEC4A4 /* AddPhotoViewController.swift in Sources */ = {isa = PBXBuildFile; fileRef = 54129EA52150B5E800CEC4A4 /* AddPhotoViewController.swift */; };
		8279B2210B626121F021F1F7 /* Pods_MyInsUITests.framework in Frameworks */ = {isa = PBXBuildFile; fileRef = 607B37A54F448C5D320732BA /* Pods_MyInsUITests.framework */; };
		85016B9CAACA9F9A3E85B6EF /* Pods_MyInsTests.framework in Frameworks */ = {isa = PBXBuildFile; fileRef = 0CCC56EB0BCE8D52A80C330A /* Pods_MyInsTests.framework */; };
		BEAB2D04B45023AD7BB09765 /* Pods_MyIns.framework in Frameworks */ = {isa = PBXBuildFile; fileRef = B741B1EB7371F43B5DD12F86 /* Pods_MyIns.framework */; };
		FEA641DD214F8E55002BEAB1 /* AppDelegate.swift in Sources */ = {isa = PBXBuildFile; fileRef = FEA641DC214F8E55002BEAB1 /* AppDelegate.swift */; };
		FEA641E2214F8E55002BEAB1 /* Main.storyboard in Resources */ = {isa = PBXBuildFile; fileRef = FEA641E0214F8E55002BEAB1 /* Main.storyboard */; };
		FEA641E4214F8E58002BEAB1 /* Assets.xcassets in Resources */ = {isa = PBXBuildFile; fileRef = FEA641E3214F8E58002BEAB1 /* Assets.xcassets */; };
		FEA641E7214F8E58002BEAB1 /* LaunchScreen.storyboard in Resources */ = {isa = PBXBuildFile; fileRef = FEA641E5214F8E58002BEAB1 /* LaunchScreen.storyboard */; };
		FEA641F2214F8E58002BEAB1 /* MyInsTests.swift in Sources */ = {isa = PBXBuildFile; fileRef = FEA641F1214F8E58002BEAB1 /* MyInsTests.swift */; };
		FEA641FD214F8E58002BEAB1 /* MyInsUITests.swift in Sources */ = {isa = PBXBuildFile; fileRef = FEA641FC214F8E58002BEAB1 /* MyInsUITests.swift */; };
		FEA6420B214F8F00002BEAB1 /* GoogleService-Info.plist in Resources */ = {isa = PBXBuildFile; fileRef = FEA6420A214F8F00002BEAB1 /* GoogleService-Info.plist */; };
/* End PBXBuildFile section */

/* Begin PBXContainerItemProxy section */
		FEA641EE214F8E58002BEAB1 /* PBXContainerItemProxy */ = {
			isa = PBXContainerItemProxy;
			containerPortal = FEA641D1214F8E55002BEAB1 /* Project object */;
			proxyType = 1;
			remoteGlobalIDString = FEA641D8214F8E55002BEAB1;
			remoteInfo = MyIns;
		};
		FEA641F9214F8E58002BEAB1 /* PBXContainerItemProxy */ = {
			isa = PBXContainerItemProxy;
			containerPortal = FEA641D1214F8E55002BEAB1 /* Project object */;
			proxyType = 1;
			remoteGlobalIDString = FEA641D8214F8E55002BEAB1;
			remoteInfo = MyIns;
		};
/* End PBXContainerItemProxy section */

/* Begin PBXFileReference section */
		0C475D4BD50A63A162DEB816 /* Pods-MyInsTests.debug.xcconfig */ = {isa = PBXFileReference; includeInIndex = 1; lastKnownFileType = text.xcconfig; name = "Pods-MyInsTests.debug.xcconfig"; path = "Pods/Target Support Files/Pods-MyInsTests/Pods-MyInsTests.debug.xcconfig"; sourceTree = "<group>"; };
		0CCC56EB0BCE8D52A80C330A /* Pods_MyInsTests.framework */ = {isa = PBXFileReference; explicitFileType = wrapper.framework; includeInIndex = 0; path = Pods_MyInsTests.framework; sourceTree = BUILT_PRODUCTS_DIR; };
		25299F621832C38E63C01DE7 /* Pods-MyIns.release.xcconfig */ = {isa = PBXFileReference; includeInIndex = 1; lastKnownFileType = text.xcconfig; name = "Pods-MyIns.release.xcconfig"; path = "Pods/Target Support Files/Pods-MyIns/Pods-MyIns.release.xcconfig"; sourceTree = "<group>"; };
		54129EA52150B5E800CEC4A4 /* AddPhotoViewController.swift */ = {isa = PBXFileReference; lastKnownFileType = sourcecode.swift; path = AddPhotoViewController.swift; sourceTree = "<group>"; };
		607B37A54F448C5D320732BA /* Pods_MyInsUITests.framework */ = {isa = PBXFileReference; explicitFileType = wrapper.framework; includeInIndex = 0; path = Pods_MyInsUITests.framework; sourceTree = BUILT_PRODUCTS_DIR; };
		68BAE431E94371AF6A637D55 /* Pods-MyInsUITests.release.xcconfig */ = {isa = PBXFileReference; includeInIndex = 1; lastKnownFileType = text.xcconfig; name = "Pods-MyInsUITests.release.xcconfig"; path = "Pods/Target Support Files/Pods-MyInsUITests/Pods-MyInsUITests.release.xcconfig"; sourceTree = "<group>"; };
		99C0B505808955C8D72E020F /* Pods-MyInsUITests.debug.xcconfig */ = {isa = PBXFileReference; includeInIndex = 1; lastKnownFileType = text.xcconfig; name = "Pods-MyInsUITests.debug.xcconfig"; path = "Pods/Target Support Files/Pods-MyInsUITests/Pods-MyInsUITests.debug.xcconfig"; sourceTree = "<group>"; };
		B741B1EB7371F43B5DD12F86 /* Pods_MyIns.framework */ = {isa = PBXFileReference; explicitFileType = wrapper.framework; includeInIndex = 0; path = Pods_MyIns.framework; sourceTree = BUILT_PRODUCTS_DIR; };
		E7F5848F0CED7B3837AD5AC2 /* Pods-MyIns.debug.xcconfig */ = {isa = PBXFileReference; includeInIndex = 1; lastKnownFileType = text.xcconfig; name = "Pods-MyIns.debug.xcconfig"; path = "Pods/Target Support Files/Pods-MyIns/Pods-MyIns.debug.xcconfig"; sourceTree = "<group>"; };
		FA02F7C90544D5091273FB50 /* Pods-MyInsTests.release.xcconfig */ = {isa = PBXFileReference; includeInIndex = 1; lastKnownFileType = text.xcconfig; name = "Pods-MyInsTests.release.xcconfig"; path = "Pods/Target Support Files/Pods-MyInsTests/Pods-MyInsTests.release.xcconfig"; sourceTree = "<group>"; };
		FEA641D9214F8E55002BEAB1 /* MyIns.app */ = {isa = PBXFileReference; explicitFileType = wrapper.application; includeInIndex = 0; path = MyIns.app; sourceTree = BUILT_PRODUCTS_DIR; };
		FEA641DC214F8E55002BEAB1 /* AppDelegate.swift */ = {isa = PBXFileReference; lastKnownFileType = sourcecode.swift; path = AppDelegate.swift; sourceTree = "<group>"; };
		FEA641E1214F8E55002BEAB1 /* Base */ = {isa = PBXFileReference; lastKnownFileType = file.storyboard; name = Base; path = Base.lproj/Main.storyboard; sourceTree = "<group>"; };
		FEA641E3214F8E58002BEAB1 /* Assets.xcassets */ = {isa = PBXFileReference; lastKnownFileType = folder.assetcatalog; path = Assets.xcassets; sourceTree = "<group>"; };
		FEA641E6214F8E58002BEAB1 /* Base */ = {isa = PBXFileReference; lastKnownFileType = file.storyboard; name = Base; path = Base.lproj/LaunchScreen.storyboard; sourceTree = "<group>"; };
		FEA641E8214F8E58002BEAB1 /* Info.plist */ = {isa = PBXFileReference; lastKnownFileType = text.plist.xml; path = Info.plist; sourceTree = "<group>"; };
		FEA641ED214F8E58002BEAB1 /* MyInsTests.xctest */ = {isa = PBXFileReference; explicitFileType = wrapper.cfbundle; includeInIndex = 0; path = MyInsTests.xctest; sourceTree = BUILT_PRODUCTS_DIR; };
		FEA641F1214F8E58002BEAB1 /* MyInsTests.swift */ = {isa = PBXFileReference; lastKnownFileType = sourcecode.swift; path = MyInsTests.swift; sourceTree = "<group>"; };
		FEA641F3214F8E58002BEAB1 /* Info.plist */ = {isa = PBXFileReference; lastKnownFileType = text.plist.xml; path = Info.plist; sourceTree = "<group>"; };
		FEA641F8214F8E58002BEAB1 /* MyInsUITests.xctest */ = {isa = PBXFileReference; explicitFileType = wrapper.cfbundle; includeInIndex = 0; path = MyInsUITests.xctest; sourceTree = BUILT_PRODUCTS_DIR; };
		FEA641FC214F8E58002BEAB1 /* MyInsUITests.swift */ = {isa = PBXFileReference; lastKnownFileType = sourcecode.swift; path = MyInsUITests.swift; sourceTree = "<group>"; };
		FEA641FE214F8E58002BEAB1 /* Info.plist */ = {isa = PBXFileReference; lastKnownFileType = text.plist.xml; path = Info.plist; sourceTree = "<group>"; };
		FEA6420A214F8F00002BEAB1 /* GoogleService-Info.plist */ = {isa = PBXFileReference; fileEncoding = 4; lastKnownFileType = text.plist.xml; path = "GoogleService-Info.plist"; sourceTree = "<group>"; };
/* End PBXFileReference section */

/* Begin PBXFrameworksBuildPhase section */
		FEA641D6214F8E55002BEAB1 /* Frameworks */ = {
			isa = PBXFrameworksBuildPhase;
			buildActionMask = 2147483647;
			files = (
				BEAB2D04B45023AD7BB09765 /* Pods_MyIns.framework in Frameworks */,
			);
			runOnlyForDeploymentPostprocessing = 0;
		};
		FEA641EA214F8E58002BEAB1 /* Frameworks */ = {
			isa = PBXFrameworksBuildPhase;
			buildActionMask = 2147483647;
			files = (
				85016B9CAACA9F9A3E85B6EF /* Pods_MyInsTests.framework in Frameworks */,
			);
			runOnlyForDeploymentPostprocessing = 0;
		};
		FEA641F5214F8E58002BEAB1 /* Frameworks */ = {
			isa = PBXFrameworksBuildPhase;
			buildActionMask = 2147483647;
			files = (
				8279B2210B626121F021F1F7 /* Pods_MyInsUITests.framework in Frameworks */,
			);
			runOnlyForDeploymentPostprocessing = 0;
		};
/* End PBXFrameworksBuildPhase section */

/* Begin PBXGroup section */
		082DB96DA985AC4A2B465089 /* Pods */ = {
			isa = PBXGroup;
			children = (
				E7F5848F0CED7B3837AD5AC2 /* Pods-MyIns.debug.xcconfig */,
				25299F621832C38E63C01DE7 /* Pods-MyIns.release.xcconfig */,
				0C475D4BD50A63A162DEB816 /* Pods-MyInsTests.debug.xcconfig */,
				FA02F7C90544D5091273FB50 /* Pods-MyInsTests.release.xcconfig */,
				99C0B505808955C8D72E020F /* Pods-MyInsUITests.debug.xcconfig */,
				68BAE431E94371AF6A637D55 /* Pods-MyInsUITests.release.xcconfig */,
			);
			name = Pods;
			sourceTree = "<group>";
		};
		934CB8CEF99B804BC3179528 /* Frameworks */ = {
			isa = PBXGroup;
			children = (
				B741B1EB7371F43B5DD12F86 /* Pods_MyIns.framework */,
				0CCC56EB0BCE8D52A80C330A /* Pods_MyInsTests.framework */,
				607B37A54F448C5D320732BA /* Pods_MyInsUITests.framework */,
			);
			name = Frameworks;
			sourceTree = "<group>";
		};
		FEA641D0214F8E55002BEAB1 = {
			isa = PBXGroup;
			children = (
				FEA641DB214F8E55002BEAB1 /* MyIns */,
				FEA641F0214F8E58002BEAB1 /* MyInsTests */,
				FEA641FB214F8E58002BEAB1 /* MyInsUITests */,
				FEA641DA214F8E55002BEAB1 /* Products */,
				082DB96DA985AC4A2B465089 /* Pods */,
				934CB8CEF99B804BC3179528 /* Frameworks */,
			);
			sourceTree = "<group>";
		};
		FEA641DA214F8E55002BEAB1 /* Products */ = {
			isa = PBXGroup;
			children = (
				FEA641D9214F8E55002BEAB1 /* MyIns.app */,
				FEA641ED214F8E58002BEAB1 /* MyInsTests.xctest */,
				FEA641F8214F8E58002BEAB1 /* MyInsUITests.xctest */,
			);
			name = Products;
			sourceTree = "<group>";
		};
		FEA641DB214F8E55002BEAB1 /* MyIns */ = {
			isa = PBXGroup;
			children = (
				54129EA52150B5E800CEC4A4 /* AddPhotoViewController.swift */,
				FEA641DC214F8E55002BEAB1 /* AppDelegate.swift */,
				FEA641E0214F8E55002BEAB1 /* Main.storyboard */,
				FEA641E3214F8E58002BEAB1 /* Assets.xcassets */,
				FEA641E5214F8E58002BEAB1 /* LaunchScreen.storyboard */,
				FEA641E8214F8E58002BEAB1 /* Info.plist */,
				FEA6420A214F8F00002BEAB1 /* GoogleService-Info.plist */,
			);
			path = MyIns;
			sourceTree = "<group>";
		};
		FEA641F0214F8E58002BEAB1 /* MyInsTests */ = {
			isa = PBXGroup;
			children = (
				FEA641F1214F8E58002BEAB1 /* MyInsTests.swift */,
				FEA641F3214F8E58002BEAB1 /* Info.plist */,
			);
			path = MyInsTests;
			sourceTree = "<group>";
		};
		FEA641FB214F8E58002BEAB1 /* MyInsUITests */ = {
			isa = PBXGroup;
			children = (
				FEA641FC214F8E58002BEAB1 /* MyInsUITests.swift */,
				FEA641FE214F8E58002BEAB1 /* Info.plist */,
			);
			path = MyInsUITests;
			sourceTree = "<group>";
		};
/* End PBXGroup section */

/* Begin PBXNativeTarget section */
		FEA641D8214F8E55002BEAB1 /* MyIns */ = {
			isa = PBXNativeTarget;
			buildConfigurationList = FEA64201214F8E58002BEAB1 /* Build configuration list for PBXNativeTarget "MyIns" */;
			buildPhases = (
				5C58AC8442E779A4F1FA11A1 /* [CP] Check Pods Manifest.lock */,
				FEA641D5214F8E55002BEAB1 /* Sources */,
				FEA641D6214F8E55002BEAB1 /* Frameworks */,
				FEA641D7214F8E55002BEAB1 /* Resources */,
				D4CCE6629A44A520F9CCCCB5 /* [CP] Embed Pods Frameworks */,
			);
			buildRules = (
			);
			dependencies = (
			);
			name = MyIns;
			productName = MyIns;
			productReference = FEA641D9214F8E55002BEAB1 /* MyIns.app */;
			productType = "com.apple.product-type.application";
		};
		FEA641EC214F8E58002BEAB1 /* MyInsTests */ = {
			isa = PBXNativeTarget;
			buildConfigurationList = FEA64204214F8E58002BEAB1 /* Build configuration list for PBXNativeTarget "MyInsTests" */;
			buildPhases = (
				F1AA25C4FA3A329175ADFC3D /* [CP] Check Pods Manifest.lock */,
				FEA641E9214F8E58002BEAB1 /* Sources */,
				FEA641EA214F8E58002BEAB1 /* Frameworks */,
				FEA641EB214F8E58002BEAB1 /* Resources */,
			);
			buildRules = (
			);
			dependencies = (
				FEA641EF214F8E58002BEAB1 /* PBXTargetDependency */,
			);
			name = MyInsTests;
			productName = MyInsTests;
			productReference = FEA641ED214F8E58002BEAB1 /* MyInsTests.xctest */;
			productType = "com.apple.product-type.bundle.unit-test";
		};
		FEA641F7214F8E58002BEAB1 /* MyInsUITests */ = {
			isa = PBXNativeTarget;
			buildConfigurationList = FEA64207214F8E58002BEAB1 /* Build configuration list for PBXNativeTarget "MyInsUITests" */;
			buildPhases = (
				5D1DC7CD3C0B90C70E32600B /* [CP] Check Pods Manifest.lock */,
				FEA641F4214F8E58002BEAB1 /* Sources */,
				FEA641F5214F8E58002BEAB1 /* Frameworks */,
				FEA641F6214F8E58002BEAB1 /* Resources */,
			);
			buildRules = (
			);
			dependencies = (
				FEA641FA214F8E58002BEAB1 /* PBXTargetDependency */,
			);
			name = MyInsUITests;
			productName = MyInsUITests;
			productReference = FEA641F8214F8E58002BEAB1 /* MyInsUITests.xctest */;
			productType = "com.apple.product-type.bundle.ui-testing";
		};
/* End PBXNativeTarget section */

/* Begin PBXProject section */
		FEA641D1214F8E55002BEAB1 /* Project object */ = {
			isa = PBXProject;
			attributes = {
				LastSwiftUpdateCheck = 0940;
				LastUpgradeCheck = 0940;
				ORGANIZATIONNAME = "Jingyuan Bi";
				TargetAttributes = {
					FEA641D8214F8E55002BEAB1 = {
						CreatedOnToolsVersion = 9.4.1;
					};
					FEA641EC214F8E58002BEAB1 = {
						CreatedOnToolsVersion = 9.4.1;
						TestTargetID = FEA641D8214F8E55002BEAB1;
					};
					FEA641F7214F8E58002BEAB1 = {
						CreatedOnToolsVersion = 9.4.1;
						TestTargetID = FEA641D8214F8E55002BEAB1;
					};
				};
			};
			buildConfigurationList = FEA641D4214F8E55002BEAB1 /* Build configuration list for PBXProject "MyIns" */;
			compatibilityVersion = "Xcode 9.3";
			developmentRegion = en;
			hasScannedForEncodings = 0;
			knownRegions = (
				en,
				Base,
			);
			mainGroup = FEA641D0214F8E55002BEAB1;
			productRefGroup = FEA641DA214F8E55002BEAB1 /* Products */;
			projectDirPath = "";
			projectRoot = "";
			targets = (
				FEA641D8214F8E55002BEAB1 /* MyIns */,
				FEA641EC214F8E58002BEAB1 /* MyInsTests */,
				FEA641F7214F8E58002BEAB1 /* MyInsUITests */,
			);
		};
/* End PBXProject section */

/* Begin PBXResourcesBuildPhase section */
		FEA641D7214F8E55002BEAB1 /* Resources */ = {
			isa = PBXResourcesBuildPhase;
			buildActionMask = 2147483647;
			files = (
				FEA641E7214F8E58002BEAB1 /* LaunchScreen.storyboard in Resources */,
				FEA6420B214F8F00002BEAB1 /* GoogleService-Info.plist in Resources */,
				FEA641E4214F8E58002BEAB1 /* Assets.xcassets in Resources */,
				FEA641E2214F8E55002BEAB1 /* Main.storyboard in Resources */,
			);
			runOnlyForDeploymentPostprocessing = 0;
		};
		FEA641EB214F8E58002BEAB1 /* Resources */ = {
			isa = PBXResourcesBuildPhase;
			buildActionMask = 2147483647;
			files = (
			);
			runOnlyForDeploymentPostprocessing = 0;
		};
		FEA641F6214F8E58002BEAB1 /* Resources */ = {
			isa = PBXResourcesBuildPhase;
			buildActionMask = 2147483647;
			files = (
			);
			runOnlyForDeploymentPostprocessing = 0;
		};
/* End PBXResourcesBuildPhase section */

/* Begin PBXShellScriptBuildPhase section */
		5C58AC8442E779A4F1FA11A1 /* [CP] Check Pods Manifest.lock */ = {
			isa = PBXShellScriptBuildPhase;
			buildActionMask = 2147483647;
			files = (
			);
			inputPaths = (
				"${PODS_PODFILE_DIR_PATH}/Podfile.lock",
				"${PODS_ROOT}/Manifest.lock",
			);
			name = "[CP] Check Pods Manifest.lock";
			outputPaths = (
				"$(DERIVED_FILE_DIR)/Pods-MyIns-checkManifestLockResult.txt",
			);
			runOnlyForDeploymentPostprocessing = 0;
			shellPath = /bin/sh;
			shellScript = "diff \"${PODS_PODFILE_DIR_PATH}/Podfile.lock\" \"${PODS_ROOT}/Manifest.lock\" > /dev/null\nif [ $? != 0 ] ; then\n    # print error to STDERR\n    echo \"error: The sandbox is not in sync with the Podfile.lock. Run 'pod install' or update your CocoaPods installation.\" >&2\n    exit 1\nfi\n# This output is used by Xcode 'outputs' to avoid re-running this script phase.\necho \"SUCCESS\" > \"${SCRIPT_OUTPUT_FILE_0}\"\n";
			showEnvVarsInLog = 0;
		};
		5D1DC7CD3C0B90C70E32600B /* [CP] Check Pods Manifest.lock */ = {
			isa = PBXShellScriptBuildPhase;
			buildActionMask = 2147483647;
			files = (
			);
			inputPaths = (
				"${PODS_PODFILE_DIR_PATH}/Podfile.lock",
				"${PODS_ROOT}/Manifest.lock",
			);
			name = "[CP] Check Pods Manifest.lock";
			outputPaths = (
				"$(DERIVED_FILE_DIR)/Pods-MyInsUITests-checkManifestLockResult.txt",
			);
			runOnlyForDeploymentPostprocessing = 0;
			shellPath = /bin/sh;
			shellScript = "diff \"${PODS_PODFILE_DIR_PATH}/Podfile.lock\" \"${PODS_ROOT}/Manifest.lock\" > /dev/null\nif [ $? != 0 ] ; then\n    # print error to STDERR\n    echo \"error: The sandbox is not in sync with the Podfile.lock. Run 'pod install' or update your CocoaPods installation.\" >&2\n    exit 1\nfi\n# This output is used by Xcode 'outputs' to avoid re-running this script phase.\necho \"SUCCESS\" > \"${SCRIPT_OUTPUT_FILE_0}\"\n";
			showEnvVarsInLog = 0;
		};
		D4CCE6629A44A520F9CCCCB5 /* [CP] Embed Pods Frameworks */ = {
			isa = PBXShellScriptBuildPhase;
			buildActionMask = 2147483647;
			files = (
			);
			inputPaths = (
				"${SRCROOT}/Pods/Target Support Files/Pods-MyIns/Pods-MyIns-frameworks.sh",
				"${BUILT_PRODUCTS_DIR}/Alamofire/Alamofire.framework",
				"${BUILT_PRODUCTS_DIR}/AlamofireImage/AlamofireImage.framework",
				"${BUILT_PRODUCTS_DIR}/GoogleUtilities/GoogleUtilities.framework",
				"${BUILT_PRODUCTS_DIR}/nanopb/nanopb.framework",
			);
			name = "[CP] Embed Pods Frameworks";
			outputPaths = (
				"${TARGET_BUILD_DIR}/${FRAMEWORKS_FOLDER_PATH}/Alamofire.framework",
				"${TARGET_BUILD_DIR}/${FRAMEWORKS_FOLDER_PATH}/AlamofireImage.framework",
				"${TARGET_BUILD_DIR}/${FRAMEWORKS_FOLDER_PATH}/GoogleUtilities.framework",
				"${TARGET_BUILD_DIR}/${FRAMEWORKS_FOLDER_PATH}/nanopb.framework",
			);
			runOnlyForDeploymentPostprocessing = 0;
			shellPath = /bin/sh;
			shellScript = "\"${SRCROOT}/Pods/Target Support Files/Pods-MyIns/Pods-MyIns-frameworks.sh\"\n";
			showEnvVarsInLog = 0;
		};
		F1AA25C4FA3A329175ADFC3D /* [CP] Check Pods Manifest.lock */ = {
			isa = PBXShellScriptBuildPhase;
			buildActionMask = 2147483647;
			files = (
			);
			inputPaths = (
				"${PODS_PODFILE_DIR_PATH}/Podfile.lock",
				"${PODS_ROOT}/Manifest.lock",
			);
			name = "[CP] Check Pods Manifest.lock";
			outputPaths = (
				"$(DERIVED_FILE_DIR)/Pods-MyInsTests-checkManifestLockResult.txt",
			);
			runOnlyForDeploymentPostprocessing = 0;
			shellPath = /bin/sh;
			shellScript = "diff \"${PODS_PODFILE_DIR_PATH}/Podfile.lock\" \"${PODS_ROOT}/Manifest.lock\" > /dev/null\nif [ $? != 0 ] ; then\n    # print error to STDERR\n    echo \"error: The sandbox is not in sync with the Podfile.lock. Run 'pod install' or update your CocoaPods installation.\" >&2\n    exit 1\nfi\n# This output is used by Xcode 'outputs' to avoid re-running this script phase.\necho \"SUCCESS\" > \"${SCRIPT_OUTPUT_FILE_0}\"\n";
			showEnvVarsInLog = 0;
		};
/* End PBXShellScriptBuildPhase section */

/* Begin PBXSourcesBuildPhase section */
		FEA641D5214F8E55002BEAB1 /* Sources */ = {
			isa = PBXSourcesBuildPhase;
			buildActionMask = 2147483647;
			files = (
				54129EA62150B5E800CEC4A4 /* AddPhotoViewController.swift in Sources */,
				FEA641DD214F8E55002BEAB1 /* AppDelegate.swift in Sources */,
			);
			runOnlyForDeploymentPostprocessing = 0;
		};
		FEA641E9214F8E58002BEAB1 /* Sources */ = {
			isa = PBXSourcesBuildPhase;
			buildActionMask = 2147483647;
			files = (
				FEA641F2214F8E58002BEAB1 /* MyInsTests.swift in Sources */,
			);
			runOnlyForDeploymentPostprocessing = 0;
		};
		FEA641F4214F8E58002BEAB1 /* Sources */ = {
			isa = PBXSourcesBuildPhase;
			buildActionMask = 2147483647;
			files = (
				FEA641FD214F8E58002BEAB1 /* MyInsUITests.swift in Sources */,
			);
			runOnlyForDeploymentPostprocessing = 0;
		};
/* End PBXSourcesBuildPhase section */

/* Begin PBXTargetDependency section */
		FEA641EF214F8E58002BEAB1 /* PBXTargetDependency */ = {
			isa = PBXTargetDependency;
			target = FEA641D8214F8E55002BEAB1 /* MyIns */;
			targetProxy = FEA641EE214F8E58002BEAB1 /* PBXContainerItemProxy */;
		};
		FEA641FA214F8E58002BEAB1 /* PBXTargetDependency */ = {
			isa = PBXTargetDependency;
			target = FEA641D8214F8E55002BEAB1 /* MyIns */;
			targetProxy = FEA641F9214F8E58002BEAB1 /* PBXContainerItemProxy */;
		};
/* End PBXTargetDependency section */

/* Begin PBXVariantGroup section */
		FEA641E0214F8E55002BEAB1 /* Main.storyboard */ = {
			isa = PBXVariantGroup;
			children = (
				FEA641E1214F8E55002BEAB1 /* Base */,
			);
			name = Main.storyboard;
			sourceTree = "<group>";
		};
		FEA641E5214F8E58002BEAB1 /* LaunchScreen.storyboard */ = {
			isa = PBXVariantGroup;
			children = (
				FEA641E6214F8E58002BEAB1 /* Base */,
			);
			name = LaunchScreen.storyboard;
			sourceTree = "<group>";
		};
/* End PBXVariantGroup section */

/* Begin XCBuildConfiguration section */
		FEA641FF214F8E58002BEAB1 /* Debug */ = {
			isa = XCBuildConfiguration;
			buildSettings = {
				ALWAYS_SEARCH_USER_PATHS = NO;
				CLANG_ANALYZER_NONNULL = YES;
				CLANG_ANALYZER_NUMBER_OBJECT_CONVERSION = YES_AGGRESSIVE;
				CLANG_CXX_LANGUAGE_STANDARD = "gnu++14";
				CLANG_CXX_LIBRARY = "libc++";
				CLANG_ENABLE_MODULES = YES;
				CLANG_ENABLE_OBJC_ARC = YES;
				CLANG_ENABLE_OBJC_WEAK = YES;
				CLANG_WARN_BLOCK_CAPTURE_AUTORELEASING = YES;
				CLANG_WARN_BOOL_CONVERSION = YES;
				CLANG_WARN_COMMA = YES;
				CLANG_WARN_CONSTANT_CONVERSION = YES;
				CLANG_WARN_DEPRECATED_OBJC_IMPLEMENTATIONS = YES;
				CLANG_WARN_DIRECT_OBJC_ISA_USAGE = YES_ERROR;
				CLANG_WARN_DOCUMENTATION_COMMENTS = YES;
				CLANG_WARN_EMPTY_BODY = YES;
				CLANG_WARN_ENUM_CONVERSION = YES;
				CLANG_WARN_INFINITE_RECURSION = YES;
				CLANG_WARN_INT_CONVERSION = YES;
				CLANG_WARN_NON_LITERAL_NULL_CONVERSION = YES;
				CLANG_WARN_OBJC_IMPLICIT_RETAIN_SELF = YES;
				CLANG_WARN_OBJC_LITERAL_CONVERSION = YES;
				CLANG_WARN_OBJC_ROOT_CLASS = YES_ERROR;
				CLANG_WARN_RANGE_LOOP_ANALYSIS = YES;
				CLANG_WARN_STRICT_PROTOTYPES = YES;
				CLANG_WARN_SUSPICIOUS_MOVE = YES;
				CLANG_WARN_UNGUARDED_AVAILABILITY = YES_AGGRESSIVE;
				CLANG_WARN_UNREACHABLE_CODE = YES;
				CLANG_WARN__DUPLICATE_METHOD_MATCH = YES;
				CODE_SIGN_IDENTITY = "iPhone Developer";
				COPY_PHASE_STRIP = NO;
				DEBUG_INFORMATION_FORMAT = dwarf;
				ENABLE_STRICT_OBJC_MSGSEND = YES;
				ENABLE_TESTABILITY = YES;
				GCC_C_LANGUAGE_STANDARD = gnu11;
				GCC_DYNAMIC_NO_PIC = NO;
				GCC_NO_COMMON_BLOCKS = YES;
				GCC_OPTIMIZATION_LEVEL = 0;
				GCC_PREPROCESSOR_DEFINITIONS = (
					"DEBUG=1",
					"$(inherited)",
				);
				GCC_WARN_64_TO_32_BIT_CONVERSION = YES;
				GCC_WARN_ABOUT_RETURN_TYPE = YES_ERROR;
				GCC_WARN_UNDECLARED_SELECTOR = YES;
				GCC_WARN_UNINITIALIZED_AUTOS = YES_AGGRESSIVE;
				GCC_WARN_UNUSED_FUNCTION = YES;
				GCC_WARN_UNUSED_VARIABLE = YES;
				IPHONEOS_DEPLOYMENT_TARGET = 9.3;
				MTL_ENABLE_DEBUG_INFO = YES;
				ONLY_ACTIVE_ARCH = YES;
				SDKROOT = iphoneos;
				SWIFT_ACTIVE_COMPILATION_CONDITIONS = DEBUG;
				SWIFT_OPTIMIZATION_LEVEL = "-Onone";
			};
			name = Debug;
		};
		FEA64200214F8E58002BEAB1 /* Release */ = {
			isa = XCBuildConfiguration;
			buildSettings = {
				ALWAYS_SEARCH_USER_PATHS = NO;
				CLANG_ANALYZER_NONNULL = YES;
				CLANG_ANALYZER_NUMBER_OBJECT_CONVERSION = YES_AGGRESSIVE;
				CLANG_CXX_LANGUAGE_STANDARD = "gnu++14";
				CLANG_CXX_LIBRARY = "libc++";
				CLANG_ENABLE_MODULES = YES;
				CLANG_ENABLE_OBJC_ARC = YES;
				CLANG_ENABLE_OBJC_WEAK = YES;
				CLANG_WARN_BLOCK_CAPTURE_AUTORELEASING = YES;
				CLANG_WARN_BOOL_CONVERSION = YES;
				CLANG_WARN_COMMA = YES;
				CLANG_WARN_CONSTANT_CONVERSION = YES;
				CLANG_WARN_DEPRECATED_OBJC_IMPLEMENTATIONS = YES;
				CLANG_WARN_DIRECT_OBJC_ISA_USAGE = YES_ERROR;
				CLANG_WARN_DOCUMENTATION_COMMENTS = YES;
				CLANG_WARN_EMPTY_BODY = YES;
				CLANG_WARN_ENUM_CONVERSION = YES;
				CLANG_WARN_INFINITE_RECURSION = YES;
				CLANG_WARN_INT_CONVERSION = YES;
				CLANG_WARN_NON_LITERAL_NULL_CONVERSION = YES;
				CLANG_WARN_OBJC_IMPLICIT_RETAIN_SELF = YES;
				CLANG_WARN_OBJC_LITERAL_CONVERSION = YES;
				CLANG_WARN_OBJC_ROOT_CLASS = YES_ERROR;
				CLANG_WARN_RANGE_LOOP_ANALYSIS = YES;
				CLANG_WARN_STRICT_PROTOTYPES = YES;
				CLANG_WARN_SUSPICIOUS_MOVE = YES;
				CLANG_WARN_UNGUARDED_AVAILABILITY = YES_AGGRESSIVE;
				CLANG_WARN_UNREACHABLE_CODE = YES;
				CLANG_WARN__DUPLICATE_METHOD_MATCH = YES;
				CODE_SIGN_IDENTITY = "iPhone Developer";
				COPY_PHASE_STRIP = NO;
				DEBUG_INFORMATION_FORMAT = "dwarf-with-dsym";
				ENABLE_NS_ASSERTIONS = NO;
				ENABLE_STRICT_OBJC_MSGSEND = YES;
				GCC_C_LANGUAGE_STANDARD = gnu11;
				GCC_NO_COMMON_BLOCKS = YES;
				GCC_WARN_64_TO_32_BIT_CONVERSION = YES;
				GCC_WARN_ABOUT_RETURN_TYPE = YES_ERROR;
				GCC_WARN_UNDECLARED_SELECTOR = YES;
				GCC_WARN_UNINITIALIZED_AUTOS = YES_AGGRESSIVE;
				GCC_WARN_UNUSED_FUNCTION = YES;
				GCC_WARN_UNUSED_VARIABLE = YES;
				IPHONEOS_DEPLOYMENT_TARGET = 9.3;
				MTL_ENABLE_DEBUG_INFO = NO;
				SDKROOT = iphoneos;
				SWIFT_COMPILATION_MODE = wholemodule;
				SWIFT_OPTIMIZATION_LEVEL = "-O";
				VALIDATE_PRODUCT = YES;
			};
			name = Release;
		};
		FEA64202214F8E58002BEAB1 /* Debug */ = {
			isa = XCBuildConfiguration;
			baseConfigurationReference = E7F5848F0CED7B3837AD5AC2 /* Pods-MyIns.debug.xcconfig */;
			buildSettings = {
				ASSETCATALOG_COMPILER_APPICON_NAME = AppIcon;
				CODE_SIGN_STYLE = Automatic;
				DEVELOPMENT_TEAM = 6YSKKU86UA;
				INFOPLIST_FILE = MyIns/Info.plist;
				LD_RUNPATH_SEARCH_PATHS = (
					"$(inherited)",
					"@executable_path/Frameworks",
				);
				PRODUCT_BUNDLE_IDENTIFIER = mobile.proj2.MyIns;
				PRODUCT_NAME = "$(TARGET_NAME)";
				PROVISIONING_PROFILE_SPECIFIER = "";
				SWIFT_VERSION = 4.0;
				TARGETED_DEVICE_FAMILY = "1,2";
			};
			name = Debug;
		};
		FEA64203214F8E58002BEAB1 /* Release */ = {
			isa = XCBuildConfiguration;
			baseConfigurationReference = 25299F621832C38E63C01DE7 /* Pods-MyIns.release.xcconfig */;
			buildSettings = {
				ASSETCATALOG_COMPILER_APPICON_NAME = AppIcon;
				CODE_SIGN_STYLE = Automatic;
				DEVELOPMENT_TEAM = 6YSKKU86UA;
				INFOPLIST_FILE = MyIns/Info.plist;
				LD_RUNPATH_SEARCH_PATHS = (
					"$(inherited)",
					"@executable_path/Frameworks",
				);
				PRODUCT_BUNDLE_IDENTIFIER = mobile.proj2.MyIns;
				PRODUCT_NAME = "$(TARGET_NAME)";
				PROVISIONING_PROFILE_SPECIFIER = "";
				SWIFT_VERSION = 4.0;
				TARGETED_DEVICE_FAMILY = "1,2";
			};
			name = Release;
		};
		FEA64205214F8E58002BEAB1 /* Debug */ = {
			isa = XCBuildConfiguration;
			baseConfigurationReference = 0C475D4BD50A63A162DEB816 /* Pods-MyInsTests.debug.xcconfig */;
			buildSettings = {
				ALWAYS_EMBED_SWIFT_STANDARD_LIBRARIES = YES;
				BUNDLE_LOADER = "$(TEST_HOST)";
				CODE_SIGN_STYLE = Automatic;
				INFOPLIST_FILE = MyInsTests/Info.plist;
				LD_RUNPATH_SEARCH_PATHS = (
					"$(inherited)",
					"@executable_path/Frameworks",
					"@loader_path/Frameworks",
				);
				PRODUCT_BUNDLE_IDENTIFIER = mobile.proj2.MyInsTests;
				PRODUCT_NAME = "$(TARGET_NAME)";
				SWIFT_VERSION = 4.0;
				TARGETED_DEVICE_FAMILY = "1,2";
				TEST_HOST = "$(BUILT_PRODUCTS_DIR)/MyIns.app/MyIns";
			};
			name = Debug;
		};
		FEA64206214F8E58002BEAB1 /* Release */ = {
			isa = XCBuildConfiguration;
			baseConfigurationReference = FA02F7C90544D5091273FB50 /* Pods-MyInsTests.release.xcconfig */;
			buildSettings = {
				ALWAYS_EMBED_SWIFT_STANDARD_LIBRARIES = YES;
				BUNDLE_LOADER = "$(TEST_HOST)";
				CODE_SIGN_STYLE = Automatic;
				INFOPLIST_FILE = MyInsTests/Info.plist;
				LD_RUNPATH_SEARCH_PATHS = (
					"$(inherited)",
					"@executable_path/Frameworks",
					"@loader_path/Frameworks",
				);
				PRODUCT_BUNDLE_IDENTIFIER = mobile.proj2.MyInsTests;
				PRODUCT_NAME = "$(TARGET_NAME)";
				SWIFT_VERSION = 4.0;
				TARGETED_DEVICE_FAMILY = "1,2";
				TEST_HOST = "$(BUILT_PRODUCTS_DIR)/MyIns.app/MyIns";
			};
			name = Release;
		};
		FEA64208214F8E58002BEAB1 /* Debug */ = {
			isa = XCBuildConfiguration;
			baseConfigurationReference = 99C0B505808955C8D72E020F /* Pods-MyInsUITests.debug.xcconfig */;
			buildSettings = {
				ALWAYS_EMBED_SWIFT_STANDARD_LIBRARIES = YES;
				CODE_SIGN_IDENTITY = "iPhone Developer";
				CODE_SIGN_STYLE = Automatic;
				DEVELOPMENT_TEAM = 6YSKKU86UA;
				INFOPLIST_FILE = MyInsUITests/Info.plist;
				LD_RUNPATH_SEARCH_PATHS = (
					"$(inherited)",
					"@executable_path/Frameworks",
					"@loader_path/Frameworks",
				);
				PRODUCT_BUNDLE_IDENTIFIER = mobile.proj2.MyInsUITests;
				PRODUCT_NAME = "$(TARGET_NAME)";
				PROVISIONING_PROFILE_SPECIFIER = "";
				SWIFT_VERSION = 4.0;
				TARGETED_DEVICE_FAMILY = "1,2";
				TEST_TARGET_NAME = MyIns;
			};
			name = Debug;
		};
		FEA64209214F8E58002BEAB1 /* Release */ = {
			isa = XCBuildConfiguration;
			baseConfigurationReference = 68BAE431E94371AF6A637D55 /* Pods-MyInsUITests.release.xcconfig */;
			buildSettings = {
				ALWAYS_EMBED_SWIFT_STANDARD_LIBRARIES = YES;
				CODE_SIGN_IDENTITY = "iPhone Developer";
				CODE_SIGN_STYLE = Automatic;
				DEVELOPMENT_TEAM = 6YSKKU86UA;
				INFOPLIST_FILE = MyInsUITests/Info.plist;
				LD_RUNPATH_SEARCH_PATHS = (
					"$(inherited)",
					"@executable_path/Frameworks",
					"@loader_path/Frameworks",
				);
				PRODUCT_BUNDLE_IDENTIFIER = mobile.proj2.MyInsUITests;
				PRODUCT_NAME = "$(TARGET_NAME)";
				PROVISIONING_PROFILE_SPECIFIER = "";
				SWIFT_VERSION = 4.0;
				TARGETED_DEVICE_FAMILY = "1,2";
				TEST_TARGET_NAME = MyIns;
			};
			name = Release;
		};
/* End XCBuildConfiguration section */

/* Begin XCConfigurationList section */
		FEA641D4214F8E55002BEAB1 /* Build configuration list for PBXProject "MyIns" */ = {
			isa = XCConfigurationList;
			buildConfigurations = (
				FEA641FF214F8E58002BEAB1 /* Debug */,
				FEA64200214F8E58002BEAB1 /* Release */,
			);
			defaultConfigurationIsVisible = 0;
			defaultConfigurationName = Release;
		};
		FEA64201214F8E58002BEAB1 /* Build configuration list for PBXNativeTarget "MyIns" */ = {
			isa = XCConfigurationList;
			buildConfigurations = (
				FEA64202214F8E58002BEAB1 /* Debug */,
				FEA64203214F8E58002BEAB1 /* Release */,
			);
			defaultConfigurationIsVisible = 0;
			defaultConfigurationName = Release;
		};
		FEA64204214F8E58002BEAB1 /* Build configuration list for PBXNativeTarget "MyInsTests" */ = {
			isa = XCConfigurationList;
			buildConfigurations = (
				FEA64205214F8E58002BEAB1 /* Debug */,
				FEA64206214F8E58002BEAB1 /* Release */,
			);
			defaultConfigurationIsVisible = 0;
			defaultConfigurationName = Release;
		};
		FEA64207214F8E58002BEAB1 /* Build configuration list for PBXNativeTarget "MyInsUITests" */ = {
			isa = XCConfigurationList;
			buildConfigurations = (
				FEA64208214F8E58002BEAB1 /* Debug */,
				FEA64209214F8E58002BEAB1 /* Release */,
			);
			defaultConfigurationIsVisible = 0;
			defaultConfigurationName = Release;
		};
/* End XCConfigurationList section */
	};
	rootObject = FEA641D1214F8E55002BEAB1 /* Project object */;
}
